<?xml version="1.0" encoding="utf-8"?>
<Project ToolsVersion="4.0" xmlns="http://schemas.microsoft.com/developer/msbuild/2003">
  <ItemGroup>
    <Filter Include="Kame">
      <UniqueIdentifier>{03DB877C-EF11-890D-98FE-6E108414050F}</UniqueIdentifier>
    </Filter>
    <Filter Include="Kame\Application">
      <UniqueIdentifier>{46B3027B-32AC-21CD-5BDE-0652473601D9}</UniqueIdentifier>
    </Filter>
    <Filter Include="Kame\Application\glfw">
      <UniqueIdentifier>{C58280DE-31EF-3BD9-FAE2-D336660E5E41}</UniqueIdentifier>
    </Filter>
    <Filter Include="Kame\Core">
      <UniqueIdentifier>{3B59214D-A7C3-D5C3-F001-87695CABB318}</UniqueIdentifier>
    </Filter>
    <Filter Include="Kame\Game">
      <UniqueIdentifier>{8C4E234D-F8B8-D7C3-41F7-8869ADA0B518}</UniqueIdentifier>
    </Filter>
    <Filter Include="Kame\Graphics">
      <UniqueIdentifier>{A3B6A1B5-0F77-1DEC-D8B1-6669443162C8}</UniqueIdentifier>
    </Filter>
    <Filter Include="Kame\Graphics\GraphicsApi">
      <UniqueIdentifier>{BDC648D1-2989-7C5B-7239-0BE8DE3A5539}</UniqueIdentifier>
    </Filter>
    <Filter Include="Kame\Graphics\GraphicsApi\Vulkan">
      <UniqueIdentifier>{9D3D97DA-898E-821C-B2F2-70DE9EA21586}</UniqueIdentifier>
    </Filter>
    <Filter Include="Kame\Graphics\GraphicsApi\Vulkan\Shaders">
      <UniqueIdentifier>{76AFB9E7-622C-AD2A-8BA9-AD3E778549BE}</UniqueIdentifier>
    </Filter>
    <Filter Include="Kame\Logging">
      <UniqueIdentifier>{990E772A-8571-06CF-2EF7-3E851A39D251}</UniqueIdentifier>
    </Filter>
  </ItemGroup>
  <ItemGroup>
    <ClInclude Include="src\DepthImage.h" />
    <ClInclude Include="src\EasyImage.h" />
    <ClInclude Include="src\Kame.h" />
    <ClInclude Include="src\Kame\Application\Entrypoint.h">
      <Filter>Kame\Application</Filter>
    </ClInclude>
    <ClInclude Include="src\Kame\Application\FileSystem.h">
      <Filter>Kame\Application</Filter>
    </ClInclude>
    <ClInclude Include="src\Kame\Application\Platform.h">
      <Filter>Kame\Application</Filter>
    </ClInclude>
    <ClInclude Include="src\Kame\Application\Window.h">
      <Filter>Kame\Application</Filter>
    </ClInclude>
    <ClInclude Include="src\Kame\Application\glfw\GlfwPlatform.h">
      <Filter>Kame\Application\glfw</Filter>
    </ClInclude>
    <ClInclude Include="src\Kame\Application\glfw\GlfwWindow.h">
      <Filter>Kame\Application\glfw</Filter>
    </ClInclude>
    <ClInclude Include="src\Kame\Core\DebugUtils.h">
      <Filter>Kame\Core</Filter>
    </ClInclude>
    <ClInclude Include="src\Kame\Core\References.h">
      <Filter>Kame\Core</Filter>
    </ClInclude>
    <ClInclude Include="src\Kame\Engine.h">
      <Filter>Kame</Filter>
    </ClInclude>
    <ClInclude Include="src\Kame\Game\Game.h">
      <Filter>Kame\Game</Filter>
    </ClInclude>
    <ClInclude Include="src\Kame\Graphics\GraphicsApi\GraphicsApi.h">
      <Filter>Kame\Graphics\GraphicsApi</Filter>
    </ClInclude>
    <ClInclude Include="src\Kame\Graphics\GraphicsApi\Surface.h">
      <Filter>Kame\Graphics\GraphicsApi</Filter>
    </ClInclude>
    <ClInclude Include="src\Kame\Graphics\GraphicsApi\Vulkan\VulkanAPi.h">
      <Filter>Kame\Graphics\GraphicsApi\Vulkan</Filter>
    </ClInclude>
    <ClInclude Include="src\Kame\Graphics\GraphicsApi\Vulkan\VulkanCommon.h">
      <Filter>Kame\Graphics\GraphicsApi\Vulkan</Filter>
    </ClInclude>
    <ClInclude Include="src\Kame\Graphics\GraphicsApi\Vulkan\VulkanDevice.h">
      <Filter>Kame\Graphics\GraphicsApi\Vulkan</Filter>
    </ClInclude>
    <ClInclude Include="src\Kame\Graphics\GraphicsApi\Vulkan\VulkanException.h">
      <Filter>Kame\Graphics\GraphicsApi\Vulkan</Filter>
    </ClInclude>
    <ClInclude Include="src\Kame\Graphics\GraphicsApi\Vulkan\VulkanInstance.h">
      <Filter>Kame\Graphics\GraphicsApi\Vulkan</Filter>
    </ClInclude>
    <ClInclude Include="src\Kame\Graphics\GraphicsApi\Vulkan\VulkanPhyiscalDevice.h">
      <Filter>Kame\Graphics\GraphicsApi\Vulkan</Filter>
    </ClInclude>
    <ClInclude Include="src\Kame\Graphics\GraphicsApi\Vulkan\VulkanQueue.h">
      <Filter>Kame\Graphics\GraphicsApi\Vulkan</Filter>
    </ClInclude>
    <ClInclude Include="src\Kame\Graphics\GraphicsApi\Vulkan\VulkanStringExtensions.h">
      <Filter>Kame\Graphics\GraphicsApi\Vulkan</Filter>
    </ClInclude>
    <ClInclude Include="src\Kame\Graphics\GraphicsApi\Vulkan\VulkanSurface.h">
      <Filter>Kame\Graphics\GraphicsApi\Vulkan</Filter>
    </ClInclude>
    <ClInclude Include="src\Kame\Logging\Log.h">
      <Filter>Kame\Logging</Filter>
    </ClInclude>
    <ClInclude Include="src\Mesh.h" />
    <ClInclude Include="src\MeshHelper.h" />
    <ClInclude Include="src\Pipeline.h" />
    <ClInclude Include="src\Vertex.h" />
    <ClInclude Include="src\VulkanUtils.h" />
    <ClInclude Include="src\kmpch.h" />
    <ClInclude Include="src\old.h" />
    <ClInclude Include="src\Kame\Graphics\GraphicsApi\Vulkan\VulkanCommandPool.h">
      <Filter>Kame\Graphics\GraphicsApi\Vulkan</Filter>
    </ClInclude>
    <ClInclude Include="src\Kame\Graphics\GraphicsApi\Vulkan\VulkanCommandBuffer.h" />
    <ClInclude Include="src\Kame\Graphics\GraphicsApi\Vulkan\VulkanFencePool.h" />
  </ItemGroup>
  <ItemGroup>
    <ClCompile Include="src\Kame\Application\FileSystem.cpp">
      <Filter>Kame\Application</Filter>
    </ClCompile>
    <ClCompile Include="src\Kame\Application\Platform.cpp">
      <Filter>Kame\Application</Filter>
    </ClCompile>
    <ClCompile Include="src\Kame\Application\Window.cpp">
      <Filter>Kame\Application</Filter>
    </ClCompile>
    <ClCompile Include="src\Kame\Application\glfw\GlfwPlatform.cpp">
      <Filter>Kame\Application\glfw</Filter>
    </ClCompile>
    <ClCompile Include="src\Kame\Application\glfw\GlfwWindow.cpp">
      <Filter>Kame\Application\glfw</Filter>
    </ClCompile>
    <ClCompile Include="src\Kame\Engine.cpp">
      <Filter>Kame</Filter>
    </ClCompile>
    <ClCompile Include="src\Kame\Game\Game.cpp">
      <Filter>Kame\Game</Filter>
    </ClCompile>
    <ClCompile Include="src\Kame\Graphics\GraphicsApi\GraphicsApi.cpp">
      <Filter>Kame\Graphics\GraphicsApi</Filter>
    </ClCompile>
    <ClCompile Include="src\Kame\Graphics\GraphicsApi\Vulkan\VulkanAPi.cpp">
      <Filter>Kame\Graphics\GraphicsApi\Vulkan</Filter>
    </ClCompile>
    <ClCompile Include="src\Kame\Graphics\GraphicsApi\Vulkan\VulkanDevice.cpp">
      <Filter>Kame\Graphics\GraphicsApi\Vulkan</Filter>
    </ClCompile>
    <ClCompile Include="src\Kame\Graphics\GraphicsApi\Vulkan\VulkanException.cpp">
      <Filter>Kame\Graphics\GraphicsApi\Vulkan</Filter>
    </ClCompile>
    <ClCompile Include="src\Kame\Graphics\GraphicsApi\Vulkan\VulkanInstance.cpp">
      <Filter>Kame\Graphics\GraphicsApi\Vulkan</Filter>
    </ClCompile>
    <ClCompile Include="src\Kame\Graphics\GraphicsApi\Vulkan\VulkanPhyiscalDevice.cpp">
      <Filter>Kame\Graphics\GraphicsApi\Vulkan</Filter>
    </ClCompile>
    <ClCompile Include="src\Kame\Graphics\GraphicsApi\Vulkan\VulkanQueue.cpp">
      <Filter>Kame\Graphics\GraphicsApi\Vulkan</Filter>
    </ClCompile>
    <ClCompile Include="src\Kame\Graphics\GraphicsApi\Vulkan\VulkanStringExtensions.cpp">
      <Filter>Kame\Graphics\GraphicsApi\Vulkan</Filter>
    </ClCompile>
    <ClCompile Include="src\Kame\Graphics\GraphicsApi\Vulkan\VulkanSurface.cpp">
      <Filter>Kame\Graphics\GraphicsApi\Vulkan</Filter>
    </ClCompile>
    <ClCompile Include="src\Kame\Logging\Log.cpp">
      <Filter>Kame\Logging</Filter>
    </ClCompile>
    <ClCompile Include="src\kmpch.cpp" />
    <ClCompile Include="src\old.cpp" />
    <ClCompile Include="src\Kame\Graphics\GraphicsApi\Vulkan\VulkanCommandPool.cpp">
      <Filter>Kame\Graphics\GraphicsApi\Vulkan</Filter>
    </ClCompile>
    <ClCompile Include="src\Kame\Graphics\GraphicsApi\Vulkan\VulkanFencePool.cpp" />
  </ItemGroup>
  <ItemGroup>
    <None Include="src\Kame\Graphics\GraphicsApi\Vulkan\Shaders\shader.frag">
      <Filter>Kame\Graphics\GraphicsApi\Vulkan\Shaders</Filter>
    </None>
    <None Include="src\Kame\Graphics\GraphicsApi\Vulkan\Shaders\shader.vert">
      <Filter>Kame\Graphics\GraphicsApi\Vulkan\Shaders</Filter>
    </None>
  </ItemGroup>
</Project>